
Microsoft Visual Studio Solution File, Format Version 12.00
# Visual Studio Version 17
VisualStudioVersion = 17.11.35327.3
MinimumVisualStudioVersion = 10.0.40219.1
Project("{9A19103F-16F7-4668-BE54-9A1E7A4F7556}") = "Problem4_LargestPalindromeProduct", "Project4\Problem4_LargestPalindromeProduct.csproj", "{5976D7D7-F13C-4ACF-B9B6-E0A26A978B4E}"
EndProject
Global
	GlobalSection(SolutionConfigurationPlatforms) = preSolution
		Debug|Any CPU = Debug|Any CPU
		Release|Any CPU = Release|Any CPU
	EndGlobalSection
	GlobalSection(ProjectConfigurationPlatforms) = postSolution
		{5976D7D7-F13C-4ACF-B9B6-E0A26A978B4E}.Debug|Any CPU.ActiveCfg = Debug|Any CPU
		{5976D7D7-F13C-4ACF-B9B6-E0A26A978B4E}.Debug|Any CPU.Build.0 = Debug|Any CPU
		{5976D7D7-F13C-4ACF-B9B6-E0A26A978B4E}.Release|Any CPU.ActiveCfg = Release|Any CPU
		{5976D7D7-F13C-4ACF-B9B6-E0A26A978B4E}.Release|Any CPU.Build.0 = Release|Any CPU
	EndGlobalSection
	GlobalSection(SolutionProperties) = preSolution
		HideSolutionNode = FALSE
	EndGlobalSection
	GlobalSection(ExtensibilityGlobals) = postSolution
		SolutionGuid = {26ECF729-FCD2-4D77-8F65-E96119E70D30}
	EndGlobalSection
EndGlobal
